
Microsoft Visual Studio Solution File, Format Version 12.00
# Visual Studio Version 16
VisualStudioVersion = 16.0.31205.134
MinimumVisualStudioVersion = 10.0.40219.1
Project("{FAE04EC0-301F-11D3-BF4B-00C04F79EFBC}") = "Modul 3", "Modul 3\Modul 3.csproj", "{42EDA4AA-ECAF-408C-A4B6-21637E56B0D3}"
EndProject
Global
	GlobalSection(SolutionConfigurationPlatforms) = preSolution
		Debug|Any CPU = Debug|Any CPU
		Release|Any CPU = Release|Any CPU
	EndGlobalSection
	GlobalSection(ProjectConfigurationPlatforms) = postSolution
		{42EDA4AA-ECAF-408C-A4B6-21637E56B0D3}.Debug|Any CPU.ActiveCfg = Debug|Any CPU
		{42EDA4AA-ECAF-408C-A4B6-21637E56B0D3}.Debug|Any CPU.Build.0 = Debug|Any CPU
		{42EDA4AA-ECAF-408C-A4B6-21637E56B0D3}.Release|Any CPU.ActiveCfg = Release|Any CPU
		{42EDA4AA-ECAF-408C-A4B6-21637E56B0D3}.Release|Any CPU.Build.0 = Release|Any CPU
	EndGlobalSection
	GlobalSection(SolutionProperties) = preSolution
		HideSolutionNode = FALSE
	EndGlobalSection
	GlobalSection(ExtensibilityGlobals) = postSolution
		SolutionGuid = {CF51BA33-C2FD-4BDC-9B29-BBF52F462A0D}
	EndGlobalSection
EndGlobal
